
Microsoft Visual Studio Solution File, Format Version 12.00
Project("{FAE04EC0-301F-11D3-BF4B-00C04F79EFBC}") = "Temzit.Console", "Temzit.Console\Temzit.Console.csproj", "{8334BC94-507C-4807-A377-5179C821DB14}"
EndProject
Project("{FAE04EC0-301F-11D3-BF4B-00C04F79EFBC}") = "Temzit.Api", "Temzit.Api\Temzit.Api.csproj", "{C1F9AE1F-6045-4197-AE3D-AD258C423A77}"
EndProject
Project("{FAE04EC0-301F-11D3-BF4B-00C04F79EFBC}") = "Temzit.MQTT", "Temzit.MQTT\Temzit.MQTT.csproj", "{8CE2FD7E-54DE-4599-B7B8-EB53DCFCA65B}"
EndProject
Global
	GlobalSection(SolutionConfigurationPlatforms) = preSolution
		Debug|Any CPU = Debug|Any CPU
		Release|Any CPU = Release|Any CPU
	EndGlobalSection
	GlobalSection(ProjectConfigurationPlatforms) = postSolution
		{8334BC94-507C-4807-A377-5179C821DB14}.Debug|Any CPU.ActiveCfg = Debug|Any CPU
		{8334BC94-507C-4807-A377-5179C821DB14}.Debug|Any CPU.Build.0 = Debug|Any CPU
		{8334BC94-507C-4807-A377-5179C821DB14}.Release|Any CPU.ActiveCfg = Release|Any CPU
		{8334BC94-507C-4807-A377-5179C821DB14}.Release|Any CPU.Build.0 = Release|Any CPU
		{C1F9AE1F-6045-4197-AE3D-AD258C423A77}.Debug|Any CPU.ActiveCfg = Debug|Any CPU
		{C1F9AE1F-6045-4197-AE3D-AD258C423A77}.Debug|Any CPU.Build.0 = Debug|Any CPU
		{C1F9AE1F-6045-4197-AE3D-AD258C423A77}.Release|Any CPU.ActiveCfg = Release|Any CPU
		{C1F9AE1F-6045-4197-AE3D-AD258C423A77}.Release|Any CPU.Build.0 = Release|Any CPU
		{8CE2FD7E-54DE-4599-B7B8-EB53DCFCA65B}.Debug|Any CPU.ActiveCfg = Debug|Any CPU
		{8CE2FD7E-54DE-4599-B7B8-EB53DCFCA65B}.Debug|Any CPU.Build.0 = Debug|Any CPU
		{8CE2FD7E-54DE-4599-B7B8-EB53DCFCA65B}.Release|Any CPU.ActiveCfg = Release|Any CPU
		{8CE2FD7E-54DE-4599-B7B8-EB53DCFCA65B}.Release|Any CPU.Build.0 = Release|Any CPU
	EndGlobalSection
EndGlobal
